<Solution>
  <Folder Name="/src/" />
  <Folder Name="/src/BuildingBlocks/">
    <Project Path="src/BuildingBlocks/PetMagic.BuildingBlocks/PetMagic.BuildingBlocks.csproj" />
  </Folder>
  <Folder Name="/src/Host/">
    <Project Path="src/Host/PetMagic.Host.Api/PetMagic.Host.Api.csproj" />
    <Project Path="src/Host/PetMagic.Host.GenerationWorker/PetMagic.Host.GenerationWorker.csproj" />
  </Folder>
  <Folder Name="/src/Modules/" />
    <Folder Name="/src/Modules/Economy/">
      <Project Path="src/Modules/Economy/PetMagic.Modules.Economy.Api/PetMagic.Modules.Economy.Api.csproj" />
      <Project Path="src/Modules/Economy/PetMagic.Modules.Economy.Application/PetMagic.Modules.Economy.Application.csproj" />
      <Project Path="src/Modules/Economy/PetMagic.Modules.Economy.Domain/PetMagic.Modules.Economy.Domain.csproj" />
      <Project Path="src/Modules/Economy/PetMagic.Modules.Economy.Infrastructure/PetMagic.Modules.Economy.Infrastructure.csproj" />
    </Folder>
  <Folder Name="/src/Modules/Identity/">
    <Project Path="src/Modules/Identity/PetMagic.Modules.Identity.Api/PetMagic.Modules.Identity.Api.csproj" />
    <Project Path="src/Modules/Identity/PetMagic.Modules.Identity.Application/PetMagic.Modules.Identity.Application.csproj" />
    <Project Path="src/Modules/Identity/PetMagic.Modules.Identity.Domain/PetMagic.Modules.Identity.Domain.csproj" />
    <Project Path="src/Modules/Identity/PetMagic.Modules.Identity.Infrastructure/PetMagic.Modules.Identity.Infrastructure.csproj" />
  </Folder>
  <Folder Name="/src/Modules/SupportChat/">
    <Project Path="src/Modules/SupportChat/PetMagic.Modules.SupportChat.Api/PetMagic.Modules.SupportChat.Api.csproj" />
    <Project Path="src/Modules/SupportChat/PetMagic.Modules.SupportChat.Application/PetMagic.Modules.SupportChat.Application.csproj" />
    <Project Path="src/Modules/SupportChat/PetMagic.Modules.SupportChat.Domain/PetMagic.Modules.SupportChat.Domain.csproj" />
    <Project Path="src/Modules/SupportChat/PetMagic.Modules.SupportChat.Infrastructure/PetMagic.Modules.SupportChat.Infrastructure.csproj" />
  </Folder>
  <Folder Name="/src/Modules/Templates/">
    <Project Path="src/Modules/Templates/PetMagic.Modules.Templates.Api/PetMagic.Modules.Templates.Api.csproj" />
    <Project Path="src/Modules/Templates/PetMagic.Modules.Templates.Application/PetMagic.Modules.Templates.Application.csproj" />
    <Project Path="src/Modules/Templates/PetMagic.Modules.Templates.Domain/PetMagic.Modules.Templates.Domain.csproj" />
    <Project Path="src/Modules/Templates/PetMagic.Modules.Templates.Infrastructure/PetMagic.Modules.Templates.Infrastructure.csproj" />
  </Folder>
  <Folder Name="/src/Modules/Gamification/">
    <Project Path="src/Modules/Gamification/PetMagic.Modules.Gamification.Api/PetMagic.Modules.Gamification.Api.csproj" />
    <Project Path="src/Modules/Gamification/PetMagic.Modules.Gamification.Application/PetMagic.Modules.Gamification.Application.csproj" />
    <Project Path="src/Modules/Gamification/PetMagic.Modules.Gamification.Domain/PetMagic.Modules.Gamification.Domain.csproj" />
    <Project Path="src/Modules/Gamification/PetMagic.Modules.Gamification.Infrastructure/PetMagic.Modules.Gamification.Infrastructure.csproj" />
  </Folder>
  <Folder Name="/tests/">
    <Project Path="tests/PetMagic.Modules.Identity.Tests/PetMagic.Modules.Identity.Tests.csproj" />
  </Folder>
</Solution>
